
Microsoft Visual Studio Solution File, Format Version 12.00
# Visual Studio Version 16
VisualStudioVersion = 16.0.31402.337
MinimumVisualStudioVersion = 10.0.40219.1
Project("{FAE04EC0-301F-11D3-BF4B-00C04F79EFBC}") = "ConsoleApp1", "ConsoleApp1\ConsoleApp1.csproj", "{6FB3E37C-23D3-418B-B848-19B54AE70F2B}"
EndProject
Global
	GlobalSection(SolutionConfigurationPlatforms) = preSolution
		Debug|Any CPU = Debug|Any CPU
		Release|Any CPU = Release|Any CPU
	EndGlobalSection
	GlobalSection(ProjectConfigurationPlatforms) = postSolution
		{6FB3E37C-23D3-418B-B848-19B54AE70F2B}.Debug|Any CPU.ActiveCfg = Debug|Any CPU
		{6FB3E37C-23D3-418B-B848-19B54AE70F2B}.Debug|Any CPU.Build.0 = Debug|Any CPU
		{6FB3E37C-23D3-418B-B848-19B54AE70F2B}.Release|Any CPU.ActiveCfg = Release|Any CPU
		{6FB3E37C-23D3-418B-B848-19B54AE70F2B}.Release|Any CPU.Build.0 = Release|Any CPU
	EndGlobalSection
	GlobalSection(SolutionProperties) = preSolution
		HideSolutionNode = FALSE
	EndGlobalSection
	GlobalSection(ExtensibilityGlobals) = postSolution
		SolutionGuid = {E4D0F02D-ED4A-4E02-9095-8C31ADE4DFE8}
	EndGlobalSection
EndGlobal
