
Microsoft Visual Studio Solution File, Format Version 12.00
# Visual Studio Version 16
VisualStudioVersion = 16.0.29418.71
MinimumVisualStudioVersion = 10.0.40219.1
Project("{FAE04EC0-301F-11D3-BF4B-00C04F79EFBC}") = "Syntax3", "Syntax3\Syntax3.csproj", "{D7B6CBC6-9B12-4194-893A-451989C5B255}"
EndProject
Project("{FAE04EC0-301F-11D3-BF4B-00C04F79EFBC}") = "Tests", "Tests\Tests.csproj", "{34335249-2919-4B6E-9F1E-E1B341EAB0C3}"
EndProject
Global
	GlobalSection(SolutionConfigurationPlatforms) = preSolution
		Debug|Any CPU = Debug|Any CPU
		Release|Any CPU = Release|Any CPU
	EndGlobalSection
	GlobalSection(ProjectConfigurationPlatforms) = postSolution
		{D7B6CBC6-9B12-4194-893A-451989C5B255}.Debug|Any CPU.ActiveCfg = Debug|Any CPU
		{D7B6CBC6-9B12-4194-893A-451989C5B255}.Debug|Any CPU.Build.0 = Debug|Any CPU
		{D7B6CBC6-9B12-4194-893A-451989C5B255}.Release|Any CPU.ActiveCfg = Release|Any CPU
		{D7B6CBC6-9B12-4194-893A-451989C5B255}.Release|Any CPU.Build.0 = Release|Any CPU
		{34335249-2919-4B6E-9F1E-E1B341EAB0C3}.Debug|Any CPU.ActiveCfg = Debug|Any CPU
		{34335249-2919-4B6E-9F1E-E1B341EAB0C3}.Debug|Any CPU.Build.0 = Debug|Any CPU
		{34335249-2919-4B6E-9F1E-E1B341EAB0C3}.Release|Any CPU.ActiveCfg = Release|Any CPU
		{34335249-2919-4B6E-9F1E-E1B341EAB0C3}.Release|Any CPU.Build.0 = Release|Any CPU
	EndGlobalSection
	GlobalSection(SolutionProperties) = preSolution
		HideSolutionNode = FALSE
	EndGlobalSection
	GlobalSection(ExtensibilityGlobals) = postSolution
		SolutionGuid = {0A351307-9E1C-41E4-8BAB-3A298E1AF7DE}
	EndGlobalSection
EndGlobal
