
Microsoft Visual Studio Solution File, Format Version 12.00
# Visual Studio Version 16
VisualStudioVersion = 16.0.29519.87
MinimumVisualStudioVersion = 10.0.40219.1
Project("{FAE04EC0-301F-11D3-BF4B-00C04F79EFBC}") = "EFDBFirst", "EFDBFirst\EFDBFirst.csproj", "{9C3C4FB1-F44A-4B89-9477-E92420F2D4F9}"
EndProject
Global
	GlobalSection(SolutionConfigurationPlatforms) = preSolution
		Debug|Any CPU = Debug|Any CPU
		Release|Any CPU = Release|Any CPU
	EndGlobalSection
	GlobalSection(ProjectConfigurationPlatforms) = postSolution
		{9C3C4FB1-F44A-4B89-9477-E92420F2D4F9}.Debug|Any CPU.ActiveCfg = Debug|Any CPU
		{9C3C4FB1-F44A-4B89-9477-E92420F2D4F9}.Debug|Any CPU.Build.0 = Debug|Any CPU
		{9C3C4FB1-F44A-4B89-9477-E92420F2D4F9}.Release|Any CPU.ActiveCfg = Release|Any CPU
		{9C3C4FB1-F44A-4B89-9477-E92420F2D4F9}.Release|Any CPU.Build.0 = Release|Any CPU
	EndGlobalSection
	GlobalSection(SolutionProperties) = preSolution
		HideSolutionNode = FALSE
	EndGlobalSection
	GlobalSection(ExtensibilityGlobals) = postSolution
		SolutionGuid = {42CA2701-B737-4EEF-8BF9-DA06EF42AE38}
	EndGlobalSection
EndGlobal
