
Microsoft Visual Studio Solution File, Format Version 12.00
# Visual Studio Version 16
VisualStudioVersion = 16.0.29409.12
MinimumVisualStudioVersion = 10.0.40219.1
Project("{FAE04EC0-301F-11D3-BF4B-00C04F79EFBC}") = "SyntaxPart1", "SyntaxPart1\SyntaxPart1.csproj", "{FDB70DDF-E01D-4519-ABD9-02DDCD2ED91B}"
EndProject
Global
	GlobalSection(SolutionConfigurationPlatforms) = preSolution
		Debug|Any CPU = Debug|Any CPU
		Release|Any CPU = Release|Any CPU
	EndGlobalSection
	GlobalSection(ProjectConfigurationPlatforms) = postSolution
		{FDB70DDF-E01D-4519-ABD9-02DDCD2ED91B}.Debug|Any CPU.ActiveCfg = Debug|Any CPU
		{FDB70DDF-E01D-4519-ABD9-02DDCD2ED91B}.Debug|Any CPU.Build.0 = Debug|Any CPU
		{FDB70DDF-E01D-4519-ABD9-02DDCD2ED91B}.Release|Any CPU.ActiveCfg = Release|Any CPU
		{FDB70DDF-E01D-4519-ABD9-02DDCD2ED91B}.Release|Any CPU.Build.0 = Release|Any CPU
	EndGlobalSection
	GlobalSection(SolutionProperties) = preSolution
		HideSolutionNode = FALSE
	EndGlobalSection
	GlobalSection(ExtensibilityGlobals) = postSolution
		SolutionGuid = {4DED9914-870C-49E3-B233-C2B99C1AA683}
	EndGlobalSection
EndGlobal
