
Microsoft Visual Studio Solution File, Format Version 12.00
# Visual Studio Version 16
VisualStudioVersion = 16.0.29503.13
MinimumVisualStudioVersion = 10.0.40219.1
Project("{FAE04EC0-301F-11D3-BF4B-00C04F79EFBC}") = "EF", "EF\EF.csproj", "{9421BE50-3F70-4839-A4ED-8A0CDDEA1D5E}"
EndProject
Global
	GlobalSection(SolutionConfigurationPlatforms) = preSolution
		Debug|Any CPU = Debug|Any CPU
		Release|Any CPU = Release|Any CPU
	EndGlobalSection
	GlobalSection(ProjectConfigurationPlatforms) = postSolution
		{9421BE50-3F70-4839-A4ED-8A0CDDEA1D5E}.Debug|Any CPU.ActiveCfg = Debug|Any CPU
		{9421BE50-3F70-4839-A4ED-8A0CDDEA1D5E}.Debug|Any CPU.Build.0 = Debug|Any CPU
		{9421BE50-3F70-4839-A4ED-8A0CDDEA1D5E}.Release|Any CPU.ActiveCfg = Release|Any CPU
		{9421BE50-3F70-4839-A4ED-8A0CDDEA1D5E}.Release|Any CPU.Build.0 = Release|Any CPU
	EndGlobalSection
	GlobalSection(SolutionProperties) = preSolution
		HideSolutionNode = FALSE
	EndGlobalSection
	GlobalSection(ExtensibilityGlobals) = postSolution
		SolutionGuid = {2D27DDC8-9CD6-433E-B1C4-FBC6D8A98DF0}
	EndGlobalSection
EndGlobal
