
Microsoft Visual Studio Solution File, Format Version 12.00
# Visual Studio Version 16
VisualStudioVersion = 16.0.29503.13
MinimumVisualStudioVersion = 10.0.40219.1
Project("{FAE04EC0-301F-11D3-BF4B-00C04F79EFBC}") = "ProducingEvents", "ProducingEvents\ProducingEvents.csproj", "{E7E81E9E-D6BE-4FF6-B0E3-99291A739915}"
EndProject
Global
	GlobalSection(SolutionConfigurationPlatforms) = preSolution
		Debug|Any CPU = Debug|Any CPU
		Release|Any CPU = Release|Any CPU
	EndGlobalSection
	GlobalSection(ProjectConfigurationPlatforms) = postSolution
		{E7E81E9E-D6BE-4FF6-B0E3-99291A739915}.Debug|Any CPU.ActiveCfg = Debug|Any CPU
		{E7E81E9E-D6BE-4FF6-B0E3-99291A739915}.Debug|Any CPU.Build.0 = Debug|Any CPU
		{E7E81E9E-D6BE-4FF6-B0E3-99291A739915}.Release|Any CPU.ActiveCfg = Release|Any CPU
		{E7E81E9E-D6BE-4FF6-B0E3-99291A739915}.Release|Any CPU.Build.0 = Release|Any CPU
	EndGlobalSection
	GlobalSection(SolutionProperties) = preSolution
		HideSolutionNode = FALSE
	EndGlobalSection
	GlobalSection(ExtensibilityGlobals) = postSolution
		SolutionGuid = {F558E257-15C6-47DD-91AA-D7C77CCC6831}
	EndGlobalSection
EndGlobal
