
Microsoft Visual Studio Solution File, Format Version 12.00
# Visual Studio Version 16
VisualStudioVersion = 16.0.29424.173
MinimumVisualStudioVersion = 10.0.40219.1
Project("{9A19103F-16F7-4668-BE54-9A1E7A4F7556}") = "CreateGenericList", "CreateGenericList\CreateGenericList.csproj", "{8E55F301-62C6-48FE-9F3E-896381EC13E7}"
EndProject
Project("{FAE04EC0-301F-11D3-BF4B-00C04F79EFBC}") = "Animals", "Animals\Animals.csproj", "{97AF984A-816E-40E9-9D4F-408074D1D2CC}"
EndProject
Global
	GlobalSection(SolutionConfigurationPlatforms) = preSolution
		Debug|Any CPU = Debug|Any CPU
		Release|Any CPU = Release|Any CPU
	EndGlobalSection
	GlobalSection(ProjectConfigurationPlatforms) = postSolution
		{8E55F301-62C6-48FE-9F3E-896381EC13E7}.Debug|Any CPU.ActiveCfg = Debug|Any CPU
		{8E55F301-62C6-48FE-9F3E-896381EC13E7}.Debug|Any CPU.Build.0 = Debug|Any CPU
		{8E55F301-62C6-48FE-9F3E-896381EC13E7}.Release|Any CPU.ActiveCfg = Release|Any CPU
		{8E55F301-62C6-48FE-9F3E-896381EC13E7}.Release|Any CPU.Build.0 = Release|Any CPU
		{97AF984A-816E-40E9-9D4F-408074D1D2CC}.Debug|Any CPU.ActiveCfg = Debug|Any CPU
		{97AF984A-816E-40E9-9D4F-408074D1D2CC}.Debug|Any CPU.Build.0 = Debug|Any CPU
		{97AF984A-816E-40E9-9D4F-408074D1D2CC}.Release|Any CPU.ActiveCfg = Release|Any CPU
		{97AF984A-816E-40E9-9D4F-408074D1D2CC}.Release|Any CPU.Build.0 = Release|Any CPU
	EndGlobalSection
	GlobalSection(SolutionProperties) = preSolution
		HideSolutionNode = FALSE
	EndGlobalSection
	GlobalSection(ExtensibilityGlobals) = postSolution
		SolutionGuid = {6CFE6A08-566D-4A44-94A7-F3779EB6FB1D}
	EndGlobalSection
EndGlobal
