
Microsoft Visual Studio Solution File, Format Version 12.00
# Visual Studio Version 16
VisualStudioVersion = 16.0.29306.81
MinimumVisualStudioVersion = 10.0.40219.1
Project("{9A19103F-16F7-4668-BE54-9A1E7A4F7556}") = "MyMediaLibrary.Model", "MyMediaLibrary.Model\MyMediaLibrary.Model.csproj", "{9B327232-2864-493B-9DDE-BFCD2363C57C}"
EndProject
Project("{9A19103F-16F7-4668-BE54-9A1E7A4F7556}") = "XUnitTests", "XUnitTests\XUnitTests.csproj", "{233245FD-530F-4B4C-8362-85210499A77F}"
EndProject
Project("{FAE04EC0-301F-11D3-BF4B-00C04F79EFBC}") = "MediaApp", "MediaApp\MediaApp.csproj", "{8C352C65-3D5A-45C9-B748-65B7D8C9A2F8}"
EndProject
Global
	GlobalSection(SolutionConfigurationPlatforms) = preSolution
		Debug|Any CPU = Debug|Any CPU
		Release|Any CPU = Release|Any CPU
	EndGlobalSection
	GlobalSection(ProjectConfigurationPlatforms) = postSolution
		{9B327232-2864-493B-9DDE-BFCD2363C57C}.Debug|Any CPU.ActiveCfg = Debug|Any CPU
		{9B327232-2864-493B-9DDE-BFCD2363C57C}.Debug|Any CPU.Build.0 = Debug|Any CPU
		{9B327232-2864-493B-9DDE-BFCD2363C57C}.Release|Any CPU.ActiveCfg = Release|Any CPU
		{9B327232-2864-493B-9DDE-BFCD2363C57C}.Release|Any CPU.Build.0 = Release|Any CPU
		{233245FD-530F-4B4C-8362-85210499A77F}.Debug|Any CPU.ActiveCfg = Debug|Any CPU
		{233245FD-530F-4B4C-8362-85210499A77F}.Debug|Any CPU.Build.0 = Debug|Any CPU
		{233245FD-530F-4B4C-8362-85210499A77F}.Release|Any CPU.ActiveCfg = Release|Any CPU
		{233245FD-530F-4B4C-8362-85210499A77F}.Release|Any CPU.Build.0 = Release|Any CPU
		{8C352C65-3D5A-45C9-B748-65B7D8C9A2F8}.Debug|Any CPU.ActiveCfg = Debug|Any CPU
		{8C352C65-3D5A-45C9-B748-65B7D8C9A2F8}.Debug|Any CPU.Build.0 = Debug|Any CPU
		{8C352C65-3D5A-45C9-B748-65B7D8C9A2F8}.Release|Any CPU.ActiveCfg = Release|Any CPU
		{8C352C65-3D5A-45C9-B748-65B7D8C9A2F8}.Release|Any CPU.Build.0 = Release|Any CPU
	EndGlobalSection
	GlobalSection(SolutionProperties) = preSolution
		HideSolutionNode = FALSE
	EndGlobalSection
	GlobalSection(ExtensibilityGlobals) = postSolution
		SolutionGuid = {D2851210-363A-4B6A-A908-84BE34257C1C}
	EndGlobalSection
EndGlobal
